
Microsoft Visual Studio Solution File, Format Version 12.00
# Visual Studio 14
VisualStudioVersion = 14.0.25420.1
MinimumVisualStudioVersion = 10.0.40219.1
Project("{FAE04EC0-301F-11D3-BF4B-00C04F79EFBC}") = "MemoryBus", "MemoryBus\MemoryBus.csproj", "{F804DB6D-67AF-4FA3-9C9B-F61934C41B75}"
EndProject
Project("{FAE04EC0-301F-11D3-BF4B-00C04F79EFBC}") = "MemoryBus.Tests", "MemoryBus.Tests\MemoryBus.Tests.csproj", "{4E0415A6-685E-45ED-9328-7F47826C452C}"
EndProject
Project("{2150E333-8FDC-42A3-9474-1A3956D46DE8}") = "Solution Items", "Solution Items", "{5BD23067-F1FB-43C3-946C-FCBCDF9A2A00}"
	ProjectSection(SolutionItems) = preProject
		AppVeyor.yml = AppVeyor.yml
		README.md = README.md
	EndProjectSection
EndProject
Project("{2150E333-8FDC-42A3-9474-1A3956D46DE8}") = "nuget", "nuget", "{FD408F00-34A4-42DD-B58D-6C7579F0B3D8}"
	ProjectSection(SolutionItems) = preProject
		nuget\MemoryBus.nuspec = nuget\MemoryBus.nuspec
		nuget\nuget.exe = nuget\nuget.exe
		nuget\pack.ps1 = nuget\pack.ps1
	EndProjectSection
EndProject
Global
	GlobalSection(SolutionConfigurationPlatforms) = preSolution
		Build|Any CPU = Build|Any CPU
		Debug|Any CPU = Debug|Any CPU
		Release|Any CPU = Release|Any CPU
	EndGlobalSection
	GlobalSection(ProjectConfigurationPlatforms) = postSolution
		{F804DB6D-67AF-4FA3-9C9B-F61934C41B75}.Build|Any CPU.ActiveCfg = Build|Any CPU
		{F804DB6D-67AF-4FA3-9C9B-F61934C41B75}.Build|Any CPU.Build.0 = Build|Any CPU
		{F804DB6D-67AF-4FA3-9C9B-F61934C41B75}.Debug|Any CPU.ActiveCfg = Debug|Any CPU
		{F804DB6D-67AF-4FA3-9C9B-F61934C41B75}.Debug|Any CPU.Build.0 = Debug|Any CPU
		{F804DB6D-67AF-4FA3-9C9B-F61934C41B75}.Release|Any CPU.ActiveCfg = Release|Any CPU
		{F804DB6D-67AF-4FA3-9C9B-F61934C41B75}.Release|Any CPU.Build.0 = Release|Any CPU
		{4E0415A6-685E-45ED-9328-7F47826C452C}.Build|Any CPU.ActiveCfg = Build|Any CPU
		{4E0415A6-685E-45ED-9328-7F47826C452C}.Build|Any CPU.Build.0 = Build|Any CPU
		{4E0415A6-685E-45ED-9328-7F47826C452C}.Debug|Any CPU.ActiveCfg = Debug|Any CPU
		{4E0415A6-685E-45ED-9328-7F47826C452C}.Debug|Any CPU.Build.0 = Debug|Any CPU
		{4E0415A6-685E-45ED-9328-7F47826C452C}.Release|Any CPU.ActiveCfg = Release|Any CPU
		{4E0415A6-685E-45ED-9328-7F47826C452C}.Release|Any CPU.Build.0 = Release|Any CPU
	EndGlobalSection
	GlobalSection(SolutionProperties) = preSolution
		HideSolutionNode = FALSE
	EndGlobalSection
	GlobalSection(NestedProjects) = preSolution
		{FD408F00-34A4-42DD-B58D-6C7579F0B3D8} = {5BD23067-F1FB-43C3-946C-FCBCDF9A2A00}
	EndGlobalSection
EndGlobal
